
Microsoft Visual Studio Solution File, Format Version 12.00
# Visual Studio Version 17
VisualStudioVersion = 17.6.33717.318
MinimumVisualStudioVersion = 10.0.40219.1
Project("{2150E333-8FDC-42A3-9474-1A3956D46DE8}") = "source", "source", "{3A07ABF3-CBA5-4970-9DA2-3127D104271D}"
EndProject
Project("{2150E333-8FDC-42A3-9474-1A3956D46DE8}") = "Services", "Services", "{6AA30ECC-FDCB-48F7-951F-328D1216DB83}"
EndProject
Project("{2150E333-8FDC-42A3-9474-1A3956D46DE8}") = "tests", "tests", "{44E5DCB0-B851-4B51-ABC8-686D7A7F60C8}"
EndProject
Project("{2150E333-8FDC-42A3-9474-1A3956D46DE8}") = "Web", "Web", "{B68D6382-D066-4E1E-ABBF-91F311E8E572}"
EndProject
Project("{9A19103F-16F7-4668-BE54-9A1E7A4F7556}") = "CleanArchitecture.Services.Basket.API", "Services\Basket\CleanArchitecture.Services.Basket.API\CleanArchitecture.Services.Basket.API.csproj", "{6F11DD03-E5B6-41BF-8F58-FD34DEFA29AD}"
EndProject
Project("{2150E333-8FDC-42A3-9474-1A3956D46DE8}") = "Basket", "Basket", "{1D681775-72CC-4818-8817-D7C3F73895D6}"
EndProject
Project("{2150E333-8FDC-42A3-9474-1A3956D46DE8}") = "Identity", "Identity", "{1DC17D61-EF12-4A2D-8D58-422AA9CF7D03}"
EndProject
Project("{2150E333-8FDC-42A3-9474-1A3956D46DE8}") = "Order", "Order", "{252BDBAC-7008-4FFB-A3F7-2EB41920DA2B}"
EndProject
Project("{9A19103F-16F7-4668-BE54-9A1E7A4F7556}") = "CleanArchitecture.Services.Identity.API", "Services\Identity\CleanArchitecture.Services.Identity.API\CleanArchitecture.Services.Identity.API.csproj", "{75548286-2551-4775-A871-21A7470B174F}"
EndProject
Project("{2150E333-8FDC-42A3-9474-1A3956D46DE8}") = "Catalog", "Catalog", "{493F0707-4952-4D94-B31E-AE6868691478}"
EndProject
Project("{9A19103F-16F7-4668-BE54-9A1E7A4F7556}") = "CleanArchitecture.Services.Catalog.API", "Services\Catalog\CleanArchitecture.Services.Catalog.API\CleanArchitecture.Services.Catalog.API.csproj", "{DA0BBE95-4567-4168-88C1-69F58BB5A2B7}"
EndProject
Project("{2150E333-8FDC-42A3-9474-1A3956D46DE8}") = "Payment", "Payment", "{BCD6C76F-7558-40AA-9700-B8DCD2F7EC36}"
EndProject
Project("{9A19103F-16F7-4668-BE54-9A1E7A4F7556}") = "CleanArchitecture.Services.Payment.API", "Services\Payment\CleanArchitecture.Services.Payment.API\CleanArchitecture.Services.Payment.API.csproj", "{BB40A5A5-EF08-42AA-AA44-1FA1B42A5068}"
EndProject
Project("{9A19103F-16F7-4668-BE54-9A1E7A4F7556}") = "CleanArchitecture.Services.Order.API", "Services\Order\CleanArchitecture.Services.Order.API\CleanArchitecture.Services.Order.API.csproj", "{68A33425-31A3-43C3-9D13-842BD34CE14B}"
EndProject
Project("{2150E333-8FDC-42A3-9474-1A3956D46DE8}") = "Shared", "Shared", "{DF06F62B-D5F7-41CC-B580-395E989EA9EE}"
EndProject
Project("{9A19103F-16F7-4668-BE54-9A1E7A4F7556}") = "CleanArchitecture.Shared.DataProtection.Redis", "Shared\CleanArchitecture.Shared.DataProtection.Redis\CleanArchitecture.Shared.DataProtection.Redis.csproj", "{2D676BB7-970E-440E-9AB6-A13CF9095FAE}"
EndProject
Project("{9A19103F-16F7-4668-BE54-9A1E7A4F7556}") = "CleanArchitecture.Shared.DataEncryption", "Shared\CleanArchitecture.Shared.DataEncryption\CleanArchitecture.Shared.DataEncryption.csproj", "{6D7B115A-8A9E-4A8A-8619-A649444DF5BE}"
EndProject
Project("{9A19103F-16F7-4668-BE54-9A1E7A4F7556}") = "CleanArchitecture.Shared.DataEncryption.EntityFrameworkCore", "Shared\CleanArchitecture.Shared.DataEncryption.EntityFrameworkCore\CleanArchitecture.Shared.DataEncryption.EntityFrameworkCore.csproj", "{012BE780-6FAA-4290-AF72-51CA6DD51BE7}"
EndProject
Project("{9A19103F-16F7-4668-BE54-9A1E7A4F7556}") = "CleanArchitecture.Shared.HealthChecks", "Shared\CleanArchitecture.Shared.HealthChecks\CleanArchitecture.Shared.HealthChecks.csproj", "{A0681248-309E-4AE7-A425-151CA87359AA}"
EndProject
Project("{9A19103F-16F7-4668-BE54-9A1E7A4F7556}") = "CleanArchitecture.Web.BlazorWebAssembly.Client", "Web\CleanArchitecture.Web.BlazorWebAssembly\Client\CleanArchitecture.Web.BlazorWebAssembly.Client.csproj", "{643082EB-31C2-4DA3-A713-FD29254AE716}"
EndProject
Project("{9A19103F-16F7-4668-BE54-9A1E7A4F7556}") = "CleanArchitecture.Web.BlazorWebAssembly.Server", "Web\CleanArchitecture.Web.BlazorWebAssembly\Server\CleanArchitecture.Web.BlazorWebAssembly.Server.csproj", "{35CA9AD0-178B-4DF2-8B65-4B38EB5952F6}"
EndProject
Project("{9A19103F-16F7-4668-BE54-9A1E7A4F7556}") = "CleanArchitecture.Services.Catalog.Application", "Services\Catalog\CleanArchitecture.Services.Catalog.Application\CleanArchitecture.Services.Catalog.Application.csproj", "{956E7CE5-DC57-43DA-9C3C-2EE0A7AD18E9}"
EndProject
Project("{9A19103F-16F7-4668-BE54-9A1E7A4F7556}") = "CleanArchitecture.Services.Catalog.Core", "Services\Catalog\CleanArchitecture.Services.Catalog.Core\CleanArchitecture.Services.Catalog.Core.csproj", "{DCCCD529-9C60-4EEA-9EB2-B959A2555FC6}"
EndProject
Project("{9A19103F-16F7-4668-BE54-9A1E7A4F7556}") = "CleanArchitecture.Services.Catalog.Infrastructure", "Services\Catalog\CleanArchitecture.Services.Catalog.Infrastructure\CleanArchitecture.Services.Catalog.Infrastructure.csproj", "{D2680A28-69A8-434C-9A1B-4A798FAE84CB}"
EndProject
Project("{9A19103F-16F7-4668-BE54-9A1E7A4F7556}") = "CleanArchitecture.Services.Order.Core", "Services\Order\CleanArchitecture.Services.Order.Core\CleanArchitecture.Services.Order.Core.csproj", "{12996A48-C7A4-45C7-B503-9491B93A32B3}"
EndProject
Project("{9A19103F-16F7-4668-BE54-9A1E7A4F7556}") = "CleanArchitecture.Services.Order.Application", "Services\Order\CleanArchitecture.Services.Order.Application\CleanArchitecture.Services.Order.Application.csproj", "{FD0C2101-73BB-4F1A-8403-B2E23713D6D3}"
EndProject
Project("{9A19103F-16F7-4668-BE54-9A1E7A4F7556}") = "CleanArchitecture.Services.Order.Infrastructure", "Services\Order\CleanArchitecture.Services.Order.Infrastructure\CleanArchitecture.Services.Order.Infrastructure.csproj", "{F7E34BAF-4359-4282-9624-A51A146C2447}"
EndProject
Project("{9A19103F-16F7-4668-BE54-9A1E7A4F7556}") = "CleanArchitecture.Services.Payment.Core", "Services\Payment\CleanArchitecture.Services.Payment.Core\CleanArchitecture.Services.Payment.Core.csproj", "{CF79B7FF-4A5A-4ED9-B30A-46D7CB07783C}"
EndProject
Project("{9A19103F-16F7-4668-BE54-9A1E7A4F7556}") = "CleanArchitecture.Services.Payment.Application", "Services\Payment\CleanArchitecture.Services.Payment.Application\CleanArchitecture.Services.Payment.Application.csproj", "{EA1411D6-B6D4-44E6-85B4-B7C736E3C59B}"
EndProject
Project("{9A19103F-16F7-4668-BE54-9A1E7A4F7556}") = "CleanArchitecture.Services.Payment.Infrastructure", "Services\Payment\CleanArchitecture.Services.Payment.Infrastructure\CleanArchitecture.Services.Payment.Infrastructure.csproj", "{C77A528B-88E1-4A8B-9647-AE73EA80303A}"
EndProject
Project("{9A19103F-16F7-4668-BE54-9A1E7A4F7556}") = "CleanArchitecture.Services.Identity.Core", "Services\Identity\CleanArchitecture.Services.Identity.Core\CleanArchitecture.Services.Identity.Core.csproj", "{4C52B256-8991-42DD-BCB9-52F1F5220683}"
EndProject
Project("{9A19103F-16F7-4668-BE54-9A1E7A4F7556}") = "CleanArchitecture.Services.Identity.Application", "Services\Identity\CleanArchitecture.Services.Identity.Application\CleanArchitecture.Services.Identity.Application.csproj", "{E26D9AEB-C34E-4469-AC42-4757ED49C473}"
EndProject
Project("{9A19103F-16F7-4668-BE54-9A1E7A4F7556}") = "CleanArchitecture.Services.Identity.Infrastructure", "Services\Identity\CleanArchitecture.Services.Identity.Infrastructure\CleanArchitecture.Services.Identity.Infrastructure.csproj", "{2128C1E6-C230-4025-9260-AA32B8FF7F9C}"
EndProject
Project("{9A19103F-16F7-4668-BE54-9A1E7A4F7556}") = "CleanArchitecture.Services.Basket.Core", "Services\Basket\CleanArchitecture.Services.Basket.Core\CleanArchitecture.Services.Basket.Core.csproj", "{5FE550AC-DC15-49D6-9EB3-3B2B0D33065E}"
EndProject
Project("{9A19103F-16F7-4668-BE54-9A1E7A4F7556}") = "CleanArchitecture.Services.Basket.Application", "Services\Basket\CleanArchitecture.Services.Basket.Application\CleanArchitecture.Services.Basket.Application.csproj", "{B08B163C-919C-4455-8DAA-CC023C96DC82}"
EndProject
Project("{9A19103F-16F7-4668-BE54-9A1E7A4F7556}") = "CleanArchitecture.Services.Basket.Infrastructure", "Services\Basket\CleanArchitecture.Services.Basket.Infrastructure\CleanArchitecture.Services.Basket.Infrastructure.csproj", "{CB34ADCF-B506-4D7C-BFDF-2814105EEA51}"
EndProject
Project("{2150E333-8FDC-42A3-9474-1A3956D46DE8}") = "ApiGateways", "ApiGateways", "{B14C9986-4504-474A-9E80-6FDC5B22919B}"
EndProject
Project("{FAE04EC0-301F-11D3-BF4B-00C04F79EFBC}") = "CleanArchitecture.ApiGateways.Web", "ApiGateways\CleanArchitecture.ApiGateways.Web\CleanArchitecture.ApiGateways.Web.csproj", "{1062CA45-3C51-40C1-A83F-1DB31856F6E8}"
EndProject
Global
	GlobalSection(SolutionConfigurationPlatforms) = preSolution
		Debug|Any CPU = Debug|Any CPU
		Release|Any CPU = Release|Any CPU
	EndGlobalSection
	GlobalSection(ProjectConfigurationPlatforms) = postSolution
		{6F11DD03-E5B6-41BF-8F58-FD34DEFA29AD}.Debug|Any CPU.ActiveCfg = Debug|Any CPU
		{6F11DD03-E5B6-41BF-8F58-FD34DEFA29AD}.Debug|Any CPU.Build.0 = Debug|Any CPU
		{6F11DD03-E5B6-41BF-8F58-FD34DEFA29AD}.Release|Any CPU.ActiveCfg = Release|Any CPU
		{6F11DD03-E5B6-41BF-8F58-FD34DEFA29AD}.Release|Any CPU.Build.0 = Release|Any CPU
		{75548286-2551-4775-A871-21A7470B174F}.Debug|Any CPU.ActiveCfg = Debug|Any CPU
		{75548286-2551-4775-A871-21A7470B174F}.Debug|Any CPU.Build.0 = Debug|Any CPU
		{75548286-2551-4775-A871-21A7470B174F}.Release|Any CPU.ActiveCfg = Release|Any CPU
		{75548286-2551-4775-A871-21A7470B174F}.Release|Any CPU.Build.0 = Release|Any CPU
		{DA0BBE95-4567-4168-88C1-69F58BB5A2B7}.Debug|Any CPU.ActiveCfg = Debug|Any CPU
		{DA0BBE95-4567-4168-88C1-69F58BB5A2B7}.Debug|Any CPU.Build.0 = Debug|Any CPU
		{DA0BBE95-4567-4168-88C1-69F58BB5A2B7}.Release|Any CPU.ActiveCfg = Release|Any CPU
		{DA0BBE95-4567-4168-88C1-69F58BB5A2B7}.Release|Any CPU.Build.0 = Release|Any CPU
		{BB40A5A5-EF08-42AA-AA44-1FA1B42A5068}.Debug|Any CPU.ActiveCfg = Debug|Any CPU
		{BB40A5A5-EF08-42AA-AA44-1FA1B42A5068}.Debug|Any CPU.Build.0 = Debug|Any CPU
		{BB40A5A5-EF08-42AA-AA44-1FA1B42A5068}.Release|Any CPU.ActiveCfg = Release|Any CPU
		{BB40A5A5-EF08-42AA-AA44-1FA1B42A5068}.Release|Any CPU.Build.0 = Release|Any CPU
		{68A33425-31A3-43C3-9D13-842BD34CE14B}.Debug|Any CPU.ActiveCfg = Debug|Any CPU
		{68A33425-31A3-43C3-9D13-842BD34CE14B}.Debug|Any CPU.Build.0 = Debug|Any CPU
		{68A33425-31A3-43C3-9D13-842BD34CE14B}.Release|Any CPU.ActiveCfg = Release|Any CPU
		{68A33425-31A3-43C3-9D13-842BD34CE14B}.Release|Any CPU.Build.0 = Release|Any CPU
		{2D676BB7-970E-440E-9AB6-A13CF9095FAE}.Debug|Any CPU.ActiveCfg = Debug|Any CPU
		{2D676BB7-970E-440E-9AB6-A13CF9095FAE}.Debug|Any CPU.Build.0 = Debug|Any CPU
		{2D676BB7-970E-440E-9AB6-A13CF9095FAE}.Release|Any CPU.ActiveCfg = Release|Any CPU
		{2D676BB7-970E-440E-9AB6-A13CF9095FAE}.Release|Any CPU.Build.0 = Release|Any CPU
		{6D7B115A-8A9E-4A8A-8619-A649444DF5BE}.Debug|Any CPU.ActiveCfg = Debug|Any CPU
		{6D7B115A-8A9E-4A8A-8619-A649444DF5BE}.Debug|Any CPU.Build.0 = Debug|Any CPU
		{6D7B115A-8A9E-4A8A-8619-A649444DF5BE}.Release|Any CPU.ActiveCfg = Release|Any CPU
		{6D7B115A-8A9E-4A8A-8619-A649444DF5BE}.Release|Any CPU.Build.0 = Release|Any CPU
		{012BE780-6FAA-4290-AF72-51CA6DD51BE7}.Debug|Any CPU.ActiveCfg = Debug|Any CPU
		{012BE780-6FAA-4290-AF72-51CA6DD51BE7}.Debug|Any CPU.Build.0 = Debug|Any CPU
		{012BE780-6FAA-4290-AF72-51CA6DD51BE7}.Release|Any CPU.ActiveCfg = Release|Any CPU
		{012BE780-6FAA-4290-AF72-51CA6DD51BE7}.Release|Any CPU.Build.0 = Release|Any CPU
		{A0681248-309E-4AE7-A425-151CA87359AA}.Debug|Any CPU.ActiveCfg = Debug|Any CPU
		{A0681248-309E-4AE7-A425-151CA87359AA}.Debug|Any CPU.Build.0 = Debug|Any CPU
		{A0681248-309E-4AE7-A425-151CA87359AA}.Release|Any CPU.ActiveCfg = Release|Any CPU
		{A0681248-309E-4AE7-A425-151CA87359AA}.Release|Any CPU.Build.0 = Release|Any CPU
		{643082EB-31C2-4DA3-A713-FD29254AE716}.Debug|Any CPU.ActiveCfg = Debug|Any CPU
		{643082EB-31C2-4DA3-A713-FD29254AE716}.Debug|Any CPU.Build.0 = Debug|Any CPU
		{643082EB-31C2-4DA3-A713-FD29254AE716}.Release|Any CPU.ActiveCfg = Release|Any CPU
		{643082EB-31C2-4DA3-A713-FD29254AE716}.Release|Any CPU.Build.0 = Release|Any CPU
		{35CA9AD0-178B-4DF2-8B65-4B38EB5952F6}.Debug|Any CPU.ActiveCfg = Debug|Any CPU
		{35CA9AD0-178B-4DF2-8B65-4B38EB5952F6}.Debug|Any CPU.Build.0 = Debug|Any CPU
		{35CA9AD0-178B-4DF2-8B65-4B38EB5952F6}.Release|Any CPU.ActiveCfg = Release|Any CPU
		{35CA9AD0-178B-4DF2-8B65-4B38EB5952F6}.Release|Any CPU.Build.0 = Release|Any CPU
		{956E7CE5-DC57-43DA-9C3C-2EE0A7AD18E9}.Debug|Any CPU.ActiveCfg = Debug|Any CPU
		{956E7CE5-DC57-43DA-9C3C-2EE0A7AD18E9}.Debug|Any CPU.Build.0 = Debug|Any CPU
		{956E7CE5-DC57-43DA-9C3C-2EE0A7AD18E9}.Release|Any CPU.ActiveCfg = Release|Any CPU
		{956E7CE5-DC57-43DA-9C3C-2EE0A7AD18E9}.Release|Any CPU.Build.0 = Release|Any CPU
		{DCCCD529-9C60-4EEA-9EB2-B959A2555FC6}.Debug|Any CPU.ActiveCfg = Debug|Any CPU
		{DCCCD529-9C60-4EEA-9EB2-B959A2555FC6}.Debug|Any CPU.Build.0 = Debug|Any CPU
		{DCCCD529-9C60-4EEA-9EB2-B959A2555FC6}.Release|Any CPU.ActiveCfg = Release|Any CPU
		{DCCCD529-9C60-4EEA-9EB2-B959A2555FC6}.Release|Any CPU.Build.0 = Release|Any CPU
		{D2680A28-69A8-434C-9A1B-4A798FAE84CB}.Debug|Any CPU.ActiveCfg = Debug|Any CPU
		{D2680A28-69A8-434C-9A1B-4A798FAE84CB}.Debug|Any CPU.Build.0 = Debug|Any CPU
		{D2680A28-69A8-434C-9A1B-4A798FAE84CB}.Release|Any CPU.ActiveCfg = Release|Any CPU
		{D2680A28-69A8-434C-9A1B-4A798FAE84CB}.Release|Any CPU.Build.0 = Release|Any CPU
		{12996A48-C7A4-45C7-B503-9491B93A32B3}.Debug|Any CPU.ActiveCfg = Debug|Any CPU
		{12996A48-C7A4-45C7-B503-9491B93A32B3}.Debug|Any CPU.Build.0 = Debug|Any CPU
		{12996A48-C7A4-45C7-B503-9491B93A32B3}.Release|Any CPU.ActiveCfg = Release|Any CPU
		{12996A48-C7A4-45C7-B503-9491B93A32B3}.Release|Any CPU.Build.0 = Release|Any CPU
		{FD0C2101-73BB-4F1A-8403-B2E23713D6D3}.Debug|Any CPU.ActiveCfg = Debug|Any CPU
		{FD0C2101-73BB-4F1A-8403-B2E23713D6D3}.Debug|Any CPU.Build.0 = Debug|Any CPU
		{FD0C2101-73BB-4F1A-8403-B2E23713D6D3}.Release|Any CPU.ActiveCfg = Release|Any CPU
		{FD0C2101-73BB-4F1A-8403-B2E23713D6D3}.Release|Any CPU.Build.0 = Release|Any CPU
		{F7E34BAF-4359-4282-9624-A51A146C2447}.Debug|Any CPU.ActiveCfg = Debug|Any CPU
		{F7E34BAF-4359-4282-9624-A51A146C2447}.Debug|Any CPU.Build.0 = Debug|Any CPU
		{F7E34BAF-4359-4282-9624-A51A146C2447}.Release|Any CPU.ActiveCfg = Release|Any CPU
		{F7E34BAF-4359-4282-9624-A51A146C2447}.Release|Any CPU.Build.0 = Release|Any CPU
		{CF79B7FF-4A5A-4ED9-B30A-46D7CB07783C}.Debug|Any CPU.ActiveCfg = Debug|Any CPU
		{CF79B7FF-4A5A-4ED9-B30A-46D7CB07783C}.Debug|Any CPU.Build.0 = Debug|Any CPU
		{CF79B7FF-4A5A-4ED9-B30A-46D7CB07783C}.Release|Any CPU.ActiveCfg = Release|Any CPU
		{CF79B7FF-4A5A-4ED9-B30A-46D7CB07783C}.Release|Any CPU.Build.0 = Release|Any CPU
		{EA1411D6-B6D4-44E6-85B4-B7C736E3C59B}.Debug|Any CPU.ActiveCfg = Debug|Any CPU
		{EA1411D6-B6D4-44E6-85B4-B7C736E3C59B}.Debug|Any CPU.Build.0 = Debug|Any CPU
		{EA1411D6-B6D4-44E6-85B4-B7C736E3C59B}.Release|Any CPU.ActiveCfg = Release|Any CPU
		{EA1411D6-B6D4-44E6-85B4-B7C736E3C59B}.Release|Any CPU.Build.0 = Release|Any CPU
		{C77A528B-88E1-4A8B-9647-AE73EA80303A}.Debug|Any CPU.ActiveCfg = Debug|Any CPU
		{C77A528B-88E1-4A8B-9647-AE73EA80303A}.Debug|Any CPU.Build.0 = Debug|Any CPU
		{C77A528B-88E1-4A8B-9647-AE73EA80303A}.Release|Any CPU.ActiveCfg = Release|Any CPU
		{C77A528B-88E1-4A8B-9647-AE73EA80303A}.Release|Any CPU.Build.0 = Release|Any CPU
		{4C52B256-8991-42DD-BCB9-52F1F5220683}.Debug|Any CPU.ActiveCfg = Debug|Any CPU
		{4C52B256-8991-42DD-BCB9-52F1F5220683}.Debug|Any CPU.Build.0 = Debug|Any CPU
		{4C52B256-8991-42DD-BCB9-52F1F5220683}.Release|Any CPU.ActiveCfg = Release|Any CPU
		{4C52B256-8991-42DD-BCB9-52F1F5220683}.Release|Any CPU.Build.0 = Release|Any CPU
		{E26D9AEB-C34E-4469-AC42-4757ED49C473}.Debug|Any CPU.ActiveCfg = Debug|Any CPU
		{E26D9AEB-C34E-4469-AC42-4757ED49C473}.Debug|Any CPU.Build.0 = Debug|Any CPU
		{E26D9AEB-C34E-4469-AC42-4757ED49C473}.Release|Any CPU.ActiveCfg = Release|Any CPU
		{E26D9AEB-C34E-4469-AC42-4757ED49C473}.Release|Any CPU.Build.0 = Release|Any CPU
		{2128C1E6-C230-4025-9260-AA32B8FF7F9C}.Debug|Any CPU.ActiveCfg = Debug|Any CPU
		{2128C1E6-C230-4025-9260-AA32B8FF7F9C}.Debug|Any CPU.Build.0 = Debug|Any CPU
		{2128C1E6-C230-4025-9260-AA32B8FF7F9C}.Release|Any CPU.ActiveCfg = Release|Any CPU
		{2128C1E6-C230-4025-9260-AA32B8FF7F9C}.Release|Any CPU.Build.0 = Release|Any CPU
		{5FE550AC-DC15-49D6-9EB3-3B2B0D33065E}.Debug|Any CPU.ActiveCfg = Debug|Any CPU
		{5FE550AC-DC15-49D6-9EB3-3B2B0D33065E}.Debug|Any CPU.Build.0 = Debug|Any CPU
		{5FE550AC-DC15-49D6-9EB3-3B2B0D33065E}.Release|Any CPU.ActiveCfg = Release|Any CPU
		{5FE550AC-DC15-49D6-9EB3-3B2B0D33065E}.Release|Any CPU.Build.0 = Release|Any CPU
		{B08B163C-919C-4455-8DAA-CC023C96DC82}.Debug|Any CPU.ActiveCfg = Debug|Any CPU
		{B08B163C-919C-4455-8DAA-CC023C96DC82}.Debug|Any CPU.Build.0 = Debug|Any CPU
		{B08B163C-919C-4455-8DAA-CC023C96DC82}.Release|Any CPU.ActiveCfg = Release|Any CPU
		{B08B163C-919C-4455-8DAA-CC023C96DC82}.Release|Any CPU.Build.0 = Release|Any CPU
		{CB34ADCF-B506-4D7C-BFDF-2814105EEA51}.Debug|Any CPU.ActiveCfg = Debug|Any CPU
		{CB34ADCF-B506-4D7C-BFDF-2814105EEA51}.Debug|Any CPU.Build.0 = Debug|Any CPU
		{CB34ADCF-B506-4D7C-BFDF-2814105EEA51}.Release|Any CPU.ActiveCfg = Release|Any CPU
		{CB34ADCF-B506-4D7C-BFDF-2814105EEA51}.Release|Any CPU.Build.0 = Release|Any CPU
		{1062CA45-3C51-40C1-A83F-1DB31856F6E8}.Debug|Any CPU.ActiveCfg = Debug|Any CPU
		{1062CA45-3C51-40C1-A83F-1DB31856F6E8}.Debug|Any CPU.Build.0 = Debug|Any CPU
		{1062CA45-3C51-40C1-A83F-1DB31856F6E8}.Release|Any CPU.ActiveCfg = Release|Any CPU
		{1062CA45-3C51-40C1-A83F-1DB31856F6E8}.Release|Any CPU.Build.0 = Release|Any CPU
	EndGlobalSection
	GlobalSection(SolutionProperties) = preSolution
		HideSolutionNode = FALSE
	EndGlobalSection
	GlobalSection(NestedProjects) = preSolution
		{6AA30ECC-FDCB-48F7-951F-328D1216DB83} = {3A07ABF3-CBA5-4970-9DA2-3127D104271D}
		{B68D6382-D066-4E1E-ABBF-91F311E8E572} = {3A07ABF3-CBA5-4970-9DA2-3127D104271D}
		{6F11DD03-E5B6-41BF-8F58-FD34DEFA29AD} = {1D681775-72CC-4818-8817-D7C3F73895D6}
		{1D681775-72CC-4818-8817-D7C3F73895D6} = {6AA30ECC-FDCB-48F7-951F-328D1216DB83}
		{1DC17D61-EF12-4A2D-8D58-422AA9CF7D03} = {6AA30ECC-FDCB-48F7-951F-328D1216DB83}
		{252BDBAC-7008-4FFB-A3F7-2EB41920DA2B} = {6AA30ECC-FDCB-48F7-951F-328D1216DB83}
		{75548286-2551-4775-A871-21A7470B174F} = {1DC17D61-EF12-4A2D-8D58-422AA9CF7D03}
		{493F0707-4952-4D94-B31E-AE6868691478} = {6AA30ECC-FDCB-48F7-951F-328D1216DB83}
		{DA0BBE95-4567-4168-88C1-69F58BB5A2B7} = {493F0707-4952-4D94-B31E-AE6868691478}
		{BCD6C76F-7558-40AA-9700-B8DCD2F7EC36} = {6AA30ECC-FDCB-48F7-951F-328D1216DB83}
		{BB40A5A5-EF08-42AA-AA44-1FA1B42A5068} = {BCD6C76F-7558-40AA-9700-B8DCD2F7EC36}
		{68A33425-31A3-43C3-9D13-842BD34CE14B} = {252BDBAC-7008-4FFB-A3F7-2EB41920DA2B}
		{DF06F62B-D5F7-41CC-B580-395E989EA9EE} = {3A07ABF3-CBA5-4970-9DA2-3127D104271D}
		{2D676BB7-970E-440E-9AB6-A13CF9095FAE} = {DF06F62B-D5F7-41CC-B580-395E989EA9EE}
		{6D7B115A-8A9E-4A8A-8619-A649444DF5BE} = {DF06F62B-D5F7-41CC-B580-395E989EA9EE}
		{012BE780-6FAA-4290-AF72-51CA6DD51BE7} = {DF06F62B-D5F7-41CC-B580-395E989EA9EE}
		{A0681248-309E-4AE7-A425-151CA87359AA} = {DF06F62B-D5F7-41CC-B580-395E989EA9EE}
		{643082EB-31C2-4DA3-A713-FD29254AE716} = {B68D6382-D066-4E1E-ABBF-91F311E8E572}
		{35CA9AD0-178B-4DF2-8B65-4B38EB5952F6} = {B68D6382-D066-4E1E-ABBF-91F311E8E572}
		{956E7CE5-DC57-43DA-9C3C-2EE0A7AD18E9} = {493F0707-4952-4D94-B31E-AE6868691478}
		{DCCCD529-9C60-4EEA-9EB2-B959A2555FC6} = {493F0707-4952-4D94-B31E-AE6868691478}
		{D2680A28-69A8-434C-9A1B-4A798FAE84CB} = {493F0707-4952-4D94-B31E-AE6868691478}
		{12996A48-C7A4-45C7-B503-9491B93A32B3} = {252BDBAC-7008-4FFB-A3F7-2EB41920DA2B}
		{FD0C2101-73BB-4F1A-8403-B2E23713D6D3} = {252BDBAC-7008-4FFB-A3F7-2EB41920DA2B}
		{F7E34BAF-4359-4282-9624-A51A146C2447} = {252BDBAC-7008-4FFB-A3F7-2EB41920DA2B}
		{CF79B7FF-4A5A-4ED9-B30A-46D7CB07783C} = {BCD6C76F-7558-40AA-9700-B8DCD2F7EC36}
		{EA1411D6-B6D4-44E6-85B4-B7C736E3C59B} = {BCD6C76F-7558-40AA-9700-B8DCD2F7EC36}
		{C77A528B-88E1-4A8B-9647-AE73EA80303A} = {BCD6C76F-7558-40AA-9700-B8DCD2F7EC36}
		{4C52B256-8991-42DD-BCB9-52F1F5220683} = {1DC17D61-EF12-4A2D-8D58-422AA9CF7D03}
		{E26D9AEB-C34E-4469-AC42-4757ED49C473} = {1DC17D61-EF12-4A2D-8D58-422AA9CF7D03}
		{2128C1E6-C230-4025-9260-AA32B8FF7F9C} = {1DC17D61-EF12-4A2D-8D58-422AA9CF7D03}
		{5FE550AC-DC15-49D6-9EB3-3B2B0D33065E} = {1D681775-72CC-4818-8817-D7C3F73895D6}
		{B08B163C-919C-4455-8DAA-CC023C96DC82} = {1D681775-72CC-4818-8817-D7C3F73895D6}
		{CB34ADCF-B506-4D7C-BFDF-2814105EEA51} = {1D681775-72CC-4818-8817-D7C3F73895D6}
		{B14C9986-4504-474A-9E80-6FDC5B22919B} = {3A07ABF3-CBA5-4970-9DA2-3127D104271D}
		{1062CA45-3C51-40C1-A83F-1DB31856F6E8} = {B14C9986-4504-474A-9E80-6FDC5B22919B}
	EndGlobalSection
	GlobalSection(ExtensibilityGlobals) = postSolution
		SolutionGuid = {1AF80906-EA29-46E6-8780-A56FAB412EB8}
	EndGlobalSection
EndGlobal
